
Microsoft Visual Studio Solution File, Format Version 12.00
# Visual Studio Version 17
VisualStudioVersion = 17.13.36105.23 d17.13
MinimumVisualStudioVersion = 10.0.40219.1
Project("{FAE04EC0-301F-11D3-BF4B-00C04F79EFBC}") = "LastingArmor", "LastingArmor\LastingArmor.csproj", "{49A57FEE-CDA5-49DB-B608-7212A1E9EB88}"
EndProject
Project("{FAE04EC0-301F-11D3-BF4B-00C04F79EFBC}") = "CakeBuild", "ZZCakeBuild\CakeBuild.csproj", "{9E49B6D9-2533-4874-9F32-296F99D7E6F4}"
EndProject
Global
	GlobalSection(SolutionConfigurationPlatforms) = preSolution
		Debug|Any CPU = Debug|Any CPU
		Release|Any CPU = Release|Any CPU
	EndGlobalSection
	GlobalSection(ProjectConfigurationPlatforms) = postSolution
		{49A57FEE-CDA5-49DB-B608-7212A1E9EB88}.Debug|Any CPU.ActiveCfg = Debug|Any CPU
		{49A57FEE-CDA5-49DB-B608-7212A1E9EB88}.Debug|Any CPU.Build.0 = Debug|Any CPU
		{49A57FEE-CDA5-49DB-B608-7212A1E9EB88}.Release|Any CPU.ActiveCfg = Release|Any CPU
		{49A57FEE-CDA5-49DB-B608-7212A1E9EB88}.Release|Any CPU.Build.0 = Release|Any CPU
		{9E49B6D9-2533-4874-9F32-296F99D7E6F4}.Debug|Any CPU.ActiveCfg = Debug|Any CPU
		{9E49B6D9-2533-4874-9F32-296F99D7E6F4}.Debug|Any CPU.Build.0 = Debug|Any CPU
		{9E49B6D9-2533-4874-9F32-296F99D7E6F4}.Release|Any CPU.ActiveCfg = Release|Any CPU
		{9E49B6D9-2533-4874-9F32-296F99D7E6F4}.Release|Any CPU.Build.0 = Release|Any CPU
	EndGlobalSection
	GlobalSection(SolutionProperties) = preSolution
		HideSolutionNode = FALSE
	EndGlobalSection
	GlobalSection(ExtensibilityGlobals) = postSolution
		SolutionGuid = {5301D669-1079-40A4-B721-FAEFCC065FC7}
	EndGlobalSection
EndGlobal
